
Microsoft Visual Studio Solution File, Format Version 12.00
# Visual Studio 15
VisualStudioVersion = 15.0.28307.271
MinimumVisualStudioVersion = 10.0.40219.1
Project("{FAE04EC0-301F-11D3-BF4B-00C04F79EFBC}") = "BracketsTournamentHW1", "BracketsTournamentHW1\BracketsTournamentHW1.csproj", "{7D3A0326-A04C-4CAF-9D3B-87417A2AA9F6}"
EndProject
Global
	GlobalSection(SolutionConfigurationPlatforms) = preSolution
		Debug|Any CPU = Debug|Any CPU
		Release|Any CPU = Release|Any CPU
	EndGlobalSection
	GlobalSection(ProjectConfigurationPlatforms) = postSolution
		{7D3A0326-A04C-4CAF-9D3B-87417A2AA9F6}.Debug|Any CPU.ActiveCfg = Debug|Any CPU
		{7D3A0326-A04C-4CAF-9D3B-87417A2AA9F6}.Debug|Any CPU.Build.0 = Debug|Any CPU
		{7D3A0326-A04C-4CAF-9D3B-87417A2AA9F6}.Release|Any CPU.ActiveCfg = Release|Any CPU
		{7D3A0326-A04C-4CAF-9D3B-87417A2AA9F6}.Release|Any CPU.Build.0 = Release|Any CPU
	EndGlobalSection
	GlobalSection(SolutionProperties) = preSolution
		HideSolutionNode = FALSE
	EndGlobalSection
	GlobalSection(ExtensibilityGlobals) = postSolution
		SolutionGuid = {206339FA-B45A-42DC-9D82-6203F598E68B}
	EndGlobalSection
EndGlobal
